// !$*UTF8*$!
{
	archiveVersion = 1;
	classes = {
	};
	objectVersion = 56;
	objects = {

/* Begin PBXBuildFile section */
		90B3C6972A497D470037D88B /* MovieAPPApp.swift in Sources */ = {isa = PBXBuildFile; fileRef = 90B3C6962A497D470037D88B /* MovieAPPApp.swift */; };
		90B3C6992A497D470037D88B /* HomeScreen.swift in Sources */ = {isa = PBXBuildFile; fileRef = 90B3C6982A497D470037D88B /* HomeScreen.swift */; };
		90B3C69B2A497D490037D88B /* Assets.xcassets in Resources */ = {isa = PBXBuildFile; fileRef = 90B3C69A2A497D490037D88B /* Assets.xcassets */; };
		90B3C69E2A497D490037D88B /* Preview Assets.xcassets in Resources */ = {isa = PBXBuildFile; fileRef = 90B3C69D2A497D490037D88B /* Preview Assets.xcassets */; };
		90B3C6A92A498C200037D88B /* Monoton-Regular.ttf in Resources */ = {isa = PBXBuildFile; fileRef = 90B3C6A82A498C200037D88B /* Monoton-Regular.ttf */; };
		90B3C6AC2A49917A0037D88B /* MovieDatabase.swift in Sources */ = {isa = PBXBuildFile; fileRef = 90B3C6AB2A49917A0037D88B /* MovieDatabase.swift */; };
		90B3C6AF2A49A6300037D88B /* TrendingRow.swift in Sources */ = {isa = PBXBuildFile; fileRef = 90B3C6AE2A49A6300037D88B /* TrendingRow.swift */; };
		90B3C6B12A49ACA60037D88B /* MovieManagerAPI.swift in Sources */ = {isa = PBXBuildFile; fileRef = 90B3C6B02A49ACA50037D88B /* MovieManagerAPI.swift */; };
		90B3C6B32A49BA320037D88B /* TrendingItem.swift in Sources */ = {isa = PBXBuildFile; fileRef = 90B3C6B22A49BA320037D88B /* TrendingItem.swift */; };
		90FE18F22A49D1FB00FB389B /* VideoDetailedView.swift in Sources */ = {isa = PBXBuildFile; fileRef = 90FE18F12A49D1FB00FB389B /* VideoDetailedView.swift */; };
		90FE18F42A4AE59900FB389B /* YouTubeVideoView.swift in Sources */ = {isa = PBXBuildFile; fileRef = 90FE18F32A4AE59900FB389B /* YouTubeVideoView.swift */; };
		90FE19152A4C754700FB389B /* MovieScreen.swift in Sources */ = {isa = PBXBuildFile; fileRef = 90FE19142A4C754700FB389B /* MovieScreen.swift */; };
		90FE19172A4C755900FB389B /* SeriesScreen.swift in Sources */ = {isa = PBXBuildFile; fileRef = 90FE19162A4C755900FB389B /* SeriesScreen.swift */; };
		90FE19192A4C756500FB389B /* SearchScreen.swift in Sources */ = {isa = PBXBuildFile; fileRef = 90FE19182A4C756500FB389B /* SearchScreen.swift */; };
		90FE191E2A4C947500FB389B /* ProfileHost.swift in Sources */ = {isa = PBXBuildFile; fileRef = 90FE191D2A4C947500FB389B /* ProfileHost.swift */; };
		90FE19202A4C972600FB389B /* ProfileSummary.swift in Sources */ = {isa = PBXBuildFile; fileRef = 90FE191F2A4C972600FB389B /* ProfileSummary.swift */; };
		90FE19232A4DBE9B00FB389B /* Formater.swift in Sources */ = {isa = PBXBuildFile; fileRef = 90FE19222A4DBE9B00FB389B /* Formater.swift */; };
		90FE19252A4DC92F00FB389B /* EpisodeViewSingle.swift in Sources */ = {isa = PBXBuildFile; fileRef = 90FE19242A4DC92F00FB389B /* EpisodeViewSingle.swift */; };
		90FE19272A4DCF0400FB389B /* EpisodesListView.swift in Sources */ = {isa = PBXBuildFile; fileRef = 90FE19262A4DCF0400FB389B /* EpisodesListView.swift */; };
		90FE19292A4ED5C000FB389B /* ProfileEdit.swift in Sources */ = {isa = PBXBuildFile; fileRef = 90FE19282A4ED5C000FB389B /* ProfileEdit.swift */; };
		90FE192B2A52DD7D00FB389B /* ListViewModel.swift in Sources */ = {isa = PBXBuildFile; fileRef = 90FE192A2A52DD7D00FB389B /* ListViewModel.swift */; };
/* End PBXBuildFile section */

/* Begin PBXFileReference section */
		90B3C6932A497D470037D88B /* MovieAPP.app */ = {isa = PBXFileReference; explicitFileType = wrapper.application; includeInIndex = 0; path = MovieAPP.app; sourceTree = BUILT_PRODUCTS_DIR; };
		90B3C6962A497D470037D88B /* MovieAPPApp.swift */ = {isa = PBXFileReference; lastKnownFileType = sourcecode.swift; path = MovieAPPApp.swift; sourceTree = "<group>"; };
		90B3C6982A497D470037D88B /* HomeScreen.swift */ = {isa = PBXFileReference; lastKnownFileType = sourcecode.swift; path = HomeScreen.swift; sourceTree = "<group>"; };
		90B3C69A2A497D490037D88B /* Assets.xcassets */ = {isa = PBXFileReference; lastKnownFileType = folder.assetcatalog; path = Assets.xcassets; sourceTree = "<group>"; };
		90B3C69D2A497D490037D88B /* Preview Assets.xcassets */ = {isa = PBXFileReference; lastKnownFileType = folder.assetcatalog; path = "Preview Assets.xcassets"; sourceTree = "<group>"; };
		90B3C6A72A498AF20037D88B /* Info.plist */ = {isa = PBXFileReference; lastKnownFileType = text.plist; path = Info.plist; sourceTree = "<group>"; };
		90B3C6A82A498C200037D88B /* Monoton-Regular.ttf */ = {isa = PBXFileReference; lastKnownFileType = file; path = "Monoton-Regular.ttf"; sourceTree = "<group>"; };
		90B3C6AB2A49917A0037D88B /* MovieDatabase.swift */ = {isa = PBXFileReference; lastKnownFileType = sourcecode.swift; path = MovieDatabase.swift; sourceTree = "<group>"; };
		90B3C6AE2A49A6300037D88B /* TrendingRow.swift */ = {isa = PBXFileReference; lastKnownFileType = sourcecode.swift; path = TrendingRow.swift; sourceTree = "<group>"; };
		90B3C6B02A49ACA50037D88B /* MovieManagerAPI.swift */ = {isa = PBXFileReference; lastKnownFileType = sourcecode.swift; path = MovieManagerAPI.swift; sourceTree = "<group>"; };
		90B3C6B22A49BA320037D88B /* TrendingItem.swift */ = {isa = PBXFileReference; lastKnownFileType = sourcecode.swift; path = TrendingItem.swift; sourceTree = "<group>"; };
		90FE18F12A49D1FB00FB389B /* VideoDetailedView.swift */ = {isa = PBXFileReference; lastKnownFileType = sourcecode.swift; path = VideoDetailedView.swift; sourceTree = "<group>"; };
		90FE18F32A4AE59900FB389B /* YouTubeVideoView.swift */ = {isa = PBXFileReference; lastKnownFileType = sourcecode.swift; path = YouTubeVideoView.swift; sourceTree = "<group>"; };
		90FE19142A4C754700FB389B /* MovieScreen.swift */ = {isa = PBXFileReference; lastKnownFileType = sourcecode.swift; path = MovieScreen.swift; sourceTree = "<group>"; };
		90FE19162A4C755900FB389B /* SeriesScreen.swift */ = {isa = PBXFileReference; lastKnownFileType = sourcecode.swift; path = SeriesScreen.swift; sourceTree = "<group>"; };
		90FE19182A4C756500FB389B /* SearchScreen.swift */ = {isa = PBXFileReference; lastKnownFileType = sourcecode.swift; path = SearchScreen.swift; sourceTree = "<group>"; };
		90FE191D2A4C947500FB389B /* ProfileHost.swift */ = {isa = PBXFileReference; lastKnownFileType = sourcecode.swift; path = ProfileHost.swift; sourceTree = "<group>"; };
		90FE191F2A4C972600FB389B /* ProfileSummary.swift */ = {isa = PBXFileReference; lastKnownFileType = sourcecode.swift; path = ProfileSummary.swift; sourceTree = "<group>"; };
		90FE19222A4DBE9B00FB389B /* Formater.swift */ = {isa = PBXFileReference; lastKnownFileType = sourcecode.swift; path = Formater.swift; sourceTree = "<group>"; };
		90FE19242A4DC92F00FB389B /* EpisodeViewSingle.swift */ = {isa = PBXFileReference; lastKnownFileType = sourcecode.swift; path = EpisodeViewSingle.swift; sourceTree = "<group>"; };
		90FE19262A4DCF0400FB389B /* EpisodesListView.swift */ = {isa = PBXFileReference; lastKnownFileType = sourcecode.swift; path = EpisodesListView.swift; sourceTree = "<group>"; };
		90FE19282A4ED5C000FB389B /* ProfileEdit.swift */ = {isa = PBXFileReference; lastKnownFileType = sourcecode.swift; path = ProfileEdit.swift; sourceTree = "<group>"; };
		90FE192A2A52DD7D00FB389B /* ListViewModel.swift */ = {isa = PBXFileReference; lastKnownFileType = sourcecode.swift; path = ListViewModel.swift; sourceTree = "<group>"; };
/* End PBXFileReference section */

/* Begin PBXFrameworksBuildPhase section */
		90B3C6902A497D470037D88B /* Frameworks */ = {
			isa = PBXFrameworksBuildPhase;
			buildActionMask = 2147483647;
			files = (
			);
			runOnlyForDeploymentPostprocessing = 0;
		};
/* End PBXFrameworksBuildPhase section */

/* Begin PBXGroup section */
		90B3C68A2A497D460037D88B = {
			isa = PBXGroup;
			children = (
				90B3C6952A497D470037D88B /* MovieAPP */,
				90B3C6942A497D470037D88B /* Products */,
			);
			sourceTree = "<group>";
		};
		90B3C6942A497D470037D88B /* Products */ = {
			isa = PBXGroup;
			children = (
				90B3C6932A497D470037D88B /* MovieAPP.app */,
			);
			name = Products;
			sourceTree = "<group>";
		};
		90B3C6952A497D470037D88B /* MovieAPP */ = {
			isa = PBXGroup;
			children = (
				90FE19212A4DBE7E00FB389B /* Controller */,
				90B3C6AA2A49914C0037D88B /* Model */,
				90B3C6A72A498AF20037D88B /* Info.plist */,
				90B3C6A42A498A100037D88B /* Resources */,
				90B3C6962A497D470037D88B /* MovieAPPApp.swift */,
				90B3C6AD2A49A5E90037D88B /* View */,
				90B3C69A2A497D490037D88B /* Assets.xcassets */,
				90B3C69C2A497D490037D88B /* Preview Content */,
			);
			path = MovieAPP;
			sourceTree = "<group>";
		};
		90B3C69C2A497D490037D88B /* Preview Content */ = {
			isa = PBXGroup;
			children = (
				90B3C69D2A497D490037D88B /* Preview Assets.xcassets */,
			);
			path = "Preview Content";
			sourceTree = "<group>";
		};
		90B3C6A42A498A100037D88B /* Resources */ = {
			isa = PBXGroup;
			children = (
				90B3C6A52A498A230037D88B /* Fonts */,
			);
			path = Resources;
			sourceTree = "<group>";
		};
		90B3C6A52A498A230037D88B /* Fonts */ = {
			isa = PBXGroup;
			children = (
				90B3C6A82A498C200037D88B /* Monoton-Regular.ttf */,
			);
			path = Fonts;
			sourceTree = "<group>";
		};
		90B3C6AA2A49914C0037D88B /* Model */ = {
			isa = PBXGroup;
			children = (
				90B3C6AB2A49917A0037D88B /* MovieDatabase.swift */,
				90B3C6B02A49ACA50037D88B /* MovieManagerAPI.swift */,
			);
			name = Model;
			sourceTree = "<group>";
		};
		90B3C6AD2A49A5E90037D88B /* View */ = {
			isa = PBXGroup;
			children = (
				90FE191C2A4C92FD00FB389B /* Profile */,
				90FE191A2A4C92B300FB389B /* Tabs */,
				90FE191B2A4C92DA00FB389B /* Helpers */,
				90FE19242A4DC92F00FB389B /* EpisodeViewSingle.swift */,
				90FE19262A4DCF0400FB389B /* EpisodesListView.swift */,
				90FE192A2A52DD7D00FB389B /* ListViewModel.swift */,
			);
			path = View;
			sourceTree = "<group>";
		};
		90FE18F02A49D01800FB389B /* Trending */ = {
			isa = PBXGroup;
			children = (
				90B3C6AE2A49A6300037D88B /* TrendingRow.swift */,
				90B3C6B22A49BA320037D88B /* TrendingItem.swift */,
			);
			path = Trending;
			sourceTree = "<group>";
		};
		90FE191A2A4C92B300FB389B /* Tabs */ = {
			isa = PBXGroup;
			children = (
				90B3C6982A497D470037D88B /* HomeScreen.swift */,
				90FE19142A4C754700FB389B /* MovieScreen.swift */,
				90FE19182A4C756500FB389B /* SearchScreen.swift */,
				90FE19162A4C755900FB389B /* SeriesScreen.swift */,
			);
			path = Tabs;
			sourceTree = "<group>";
		};
		90FE191B2A4C92DA00FB389B /* Helpers */ = {
			isa = PBXGroup;
			children = (
				90FE18F02A49D01800FB389B /* Trending */,
				90FE18F12A49D1FB00FB389B /* VideoDetailedView.swift */,
				90FE18F32A4AE59900FB389B /* YouTubeVideoView.swift */,
			);
			path = Helpers;
			sourceTree = "<group>";
		};
		90FE191C2A4C92FD00FB389B /* Profile */ = {
			isa = PBXGroup;
			children = (
				90FE191D2A4C947500FB389B /* ProfileHost.swift */,
				90FE191F2A4C972600FB389B /* ProfileSummary.swift */,
				90FE19282A4ED5C000FB389B /* ProfileEdit.swift */,
			);
			path = Profile;
			sourceTree = "<group>";
		};
		90FE19212A4DBE7E00FB389B /* Controller */ = {
			isa = PBXGroup;
			children = (
				90FE19222A4DBE9B00FB389B /* Formater.swift */,
			);
			path = Controller;
			sourceTree = "<group>";
		};
/* End PBXGroup section */

/* Begin PBXNativeTarget section */
		90B3C6922A497D470037D88B /* MovieAPP */ = {
			isa = PBXNativeTarget;
			buildConfigurationList = 90B3C6A12A497D490037D88B /* Build configuration list for PBXNativeTarget "MovieAPP" */;
			buildPhases = (
				90B3C68F2A497D470037D88B /* Sources */,
				90B3C6902A497D470037D88B /* Frameworks */,
				90B3C6912A497D470037D88B /* Resources */,
			);
			buildRules = (
			);
			dependencies = (
			);
			name = MovieAPP;
			productName = MovieAPP;
			productReference = 90B3C6932A497D470037D88B /* MovieAPP.app */;
			productType = "com.apple.product-type.application";
		};
/* End PBXNativeTarget section */

/* Begin PBXProject section */
		90B3C68B2A497D460037D88B /* Project object */ = {
			isa = PBXProject;
			attributes = {
				BuildIndependentTargetsInParallel = 1;
				LastSwiftUpdateCheck = 1420;
				LastUpgradeCheck = 1420;
				TargetAttributes = {
					90B3C6922A497D470037D88B = {
						CreatedOnToolsVersion = 14.2;
					};
				};
			};
			buildConfigurationList = 90B3C68E2A497D460037D88B /* Build configuration list for PBXProject "MovieAPP" */;
			compatibilityVersion = "Xcode 14.0";
			developmentRegion = en;
			hasScannedForEncodings = 0;
			knownRegions = (
				en,
				Base,
			);
			mainGroup = 90B3C68A2A497D460037D88B;
			productRefGroup = 90B3C6942A497D470037D88B /* Products */;
			projectDirPath = "";
			projectRoot = "";
			targets = (
				90B3C6922A497D470037D88B /* MovieAPP */,
			);
		};
/* End PBXProject section */

/* Begin PBXResourcesBuildPhase section */
		90B3C6912A497D470037D88B /* Resources */ = {
			isa = PBXResourcesBuildPhase;
			buildActionMask = 2147483647;
			files = (
				90B3C6A92A498C200037D88B /* Monoton-Regular.ttf in Resources */,
				90B3C69E2A497D490037D88B /* Preview Assets.xcassets in Resources */,
				90B3C69B2A497D490037D88B /* Assets.xcassets in Resources */,
			);
			runOnlyForDeploymentPostprocessing = 0;
		};
/* End PBXResourcesBuildPhase section */

/* Begin PBXSourcesBuildPhase section */
		90B3C68F2A497D470037D88B /* Sources */ = {
			isa = PBXSourcesBuildPhase;
			buildActionMask = 2147483647;
			files = (
				90FE19152A4C754700FB389B /* MovieScreen.swift in Sources */,
				90FE18F42A4AE59900FB389B /* YouTubeVideoView.swift in Sources */,
				90B3C6AC2A49917A0037D88B /* MovieDatabase.swift in Sources */,
				90FE191E2A4C947500FB389B /* ProfileHost.swift in Sources */,
				90FE19292A4ED5C000FB389B /* ProfileEdit.swift in Sources */,
				90FE19272A4DCF0400FB389B /* EpisodesListView.swift in Sources */,
				90B3C6B12A49ACA60037D88B /* MovieManagerAPI.swift in Sources */,
				90B3C6992A497D470037D88B /* HomeScreen.swift in Sources */,
				90B3C6972A497D470037D88B /* MovieAPPApp.swift in Sources */,
				90B3C6AF2A49A6300037D88B /* TrendingRow.swift in Sources */,
				90FE18F22A49D1FB00FB389B /* VideoDetailedView.swift in Sources */,
				90FE19252A4DC92F00FB389B /* EpisodeViewSingle.swift in Sources */,
				90FE19172A4C755900FB389B /* SeriesScreen.swift in Sources */,
				90B3C6B32A49BA320037D88B /* TrendingItem.swift in Sources */,
				90FE192B2A52DD7D00FB389B /* ListViewModel.swift in Sources */,
				90FE19192A4C756500FB389B /* SearchScreen.swift in Sources */,
				90FE19202A4C972600FB389B /* ProfileSummary.swift in Sources */,
				90FE19232A4DBE9B00FB389B /* Formater.swift in Sources */,
			);
			runOnlyForDeploymentPostprocessing = 0;
		};
/* End PBXSourcesBuildPhase section */

/* Begin XCBuildConfiguration section */
		90B3C69F2A497D490037D88B /* Debug */ = {
			isa = XCBuildConfiguration;
			buildSettings = {
				ALWAYS_SEARCH_USER_PATHS = NO;
				CLANG_ANALYZER_NONNULL = YES;
				CLANG_ANALYZER_NUMBER_OBJECT_CONVERSION = YES_AGGRESSIVE;
				CLANG_CXX_LANGUAGE_STANDARD = "gnu++20";
				CLANG_ENABLE_MODULES = YES;
				CLANG_ENABLE_OBJC_ARC = YES;
				CLANG_ENABLE_OBJC_WEAK = YES;
				CLANG_WARN_BLOCK_CAPTURE_AUTORELEASING = YES;
				CLANG_WARN_BOOL_CONVERSION = YES;
				CLANG_WARN_COMMA = YES;
				CLANG_WARN_CONSTANT_CONVERSION = YES;
				CLANG_WARN_DEPRECATED_OBJC_IMPLEMENTATIONS = YES;
				CLANG_WARN_DIRECT_OBJC_ISA_USAGE = YES_ERROR;
				CLANG_WARN_DOCUMENTATION_COMMENTS = YES;
				CLANG_WARN_EMPTY_BODY = YES;
				CLANG_WARN_ENUM_CONVERSION = YES;
				CLANG_WARN_INFINITE_RECURSION = YES;
				CLANG_WARN_INT_CONVERSION = YES;
				CLANG_WARN_NON_LITERAL_NULL_CONVERSION = YES;
				CLANG_WARN_OBJC_IMPLICIT_RETAIN_SELF = YES;
				CLANG_WARN_OBJC_LITERAL_CONVERSION = YES;
				CLANG_WARN_OBJC_ROOT_CLASS = YES_ERROR;
				CLANG_WARN_QUOTED_INCLUDE_IN_FRAMEWORK_HEADER = YES;
				CLANG_WARN_RANGE_LOOP_ANALYSIS = YES;
				CLANG_WARN_STRICT_PROTOTYPES = YES;
				CLANG_WARN_SUSPICIOUS_MOVE = YES;
				CLANG_WARN_UNGUARDED_AVAILABILITY = YES_AGGRESSIVE;
				CLANG_WARN_UNREACHABLE_CODE = YES;
				CLANG_WARN__DUPLICATE_METHOD_MATCH = YES;
				COPY_PHASE_STRIP = NO;
				DEBUG_INFORMATION_FORMAT = dwarf;
				ENABLE_STRICT_OBJC_MSGSEND = YES;
				ENABLE_TESTABILITY = YES;
				GCC_C_LANGUAGE_STANDARD = gnu11;
				GCC_DYNAMIC_NO_PIC = NO;
				GCC_NO_COMMON_BLOCKS = YES;
				GCC_OPTIMIZATION_LEVEL = 0;
				GCC_PREPROCESSOR_DEFINITIONS = (
					"DEBUG=1",
					"$(inherited)",
				);
				GCC_WARN_64_TO_32_BIT_CONVERSION = YES;
				GCC_WARN_ABOUT_RETURN_TYPE = YES_ERROR;
				GCC_WARN_UNDECLARED_SELECTOR = YES;
				GCC_WARN_UNINITIALIZED_AUTOS = YES_AGGRESSIVE;
				GCC_WARN_UNUSED_FUNCTION = YES;
				GCC_WARN_UNUSED_VARIABLE = YES;
				IPHONEOS_DEPLOYMENT_TARGET = 16.1;
				MTL_ENABLE_DEBUG_INFO = INCLUDE_SOURCE;
				MTL_FAST_MATH = YES;
				ONLY_ACTIVE_ARCH = YES;
				SDKROOT = iphoneos;
				SWIFT_ACTIVE_COMPILATION_CONDITIONS = DEBUG;
				SWIFT_OPTIMIZATION_LEVEL = "-Onone";
			};
			name = Debug;
		};
		90B3C6A02A497D490037D88B /* Release */ = {
			isa = XCBuildConfiguration;
			buildSettings = {
				ALWAYS_SEARCH_USER_PATHS = NO;
				CLANG_ANALYZER_NONNULL = YES;
				CLANG_ANALYZER_NUMBER_OBJECT_CONVERSION = YES_AGGRESSIVE;
				CLANG_CXX_LANGUAGE_STANDARD = "gnu++20";
				CLANG_ENABLE_MODULES = YES;
				CLANG_ENABLE_OBJC_ARC = YES;
				CLANG_ENABLE_OBJC_WEAK = YES;
				CLANG_WARN_BLOCK_CAPTURE_AUTORELEASING = YES;
				CLANG_WARN_BOOL_CONVERSION = YES;
				CLANG_WARN_COMMA = YES;
				CLANG_WARN_CONSTANT_CONVERSION = YES;
				CLANG_WARN_DEPRECATED_OBJC_IMPLEMENTATIONS = YES;
				CLANG_WARN_DIRECT_OBJC_ISA_USAGE = YES_ERROR;
				CLANG_WARN_DOCUMENTATION_COMMENTS = YES;
				CLANG_WARN_EMPTY_BODY = YES;
				CLANG_WARN_ENUM_CONVERSION = YES;
				CLANG_WARN_INFINITE_RECURSION = YES;
				CLANG_WARN_INT_CONVERSION = YES;
				CLANG_WARN_NON_LITERAL_NULL_CONVERSION = YES;
				CLANG_WARN_OBJC_IMPLICIT_RETAIN_SELF = YES;
				CLANG_WARN_OBJC_LITERAL_CONVERSION = YES;
				CLANG_WARN_OBJC_ROOT_CLASS = YES_ERROR;
				CLANG_WARN_QUOTED_INCLUDE_IN_FRAMEWORK_HEADER = YES;
				CLANG_WARN_RANGE_LOOP_ANALYSIS = YES;
				CLANG_WARN_STRICT_PROTOTYPES = YES;
				CLANG_WARN_SUSPICIOUS_MOVE = YES;
				CLANG_WARN_UNGUARDED_AVAILABILITY = YES_AGGRESSIVE;
				CLANG_WARN_UNREACHABLE_CODE = YES;
				CLANG_WARN__DUPLICATE_METHOD_MATCH = YES;
				COPY_PHASE_STRIP = NO;
				DEBUG_INFORMATION_FORMAT = "dwarf-with-dsym";
				ENABLE_NS_ASSERTIONS = NO;
				ENABLE_STRICT_OBJC_MSGSEND = YES;
				GCC_C_LANGUAGE_STANDARD = gnu11;
				GCC_NO_COMMON_BLOCKS = YES;
				GCC_WARN_64_TO_32_BIT_CONVERSION = YES;
				GCC_WARN_ABOUT_RETURN_TYPE = YES_ERROR;
				GCC_WARN_UNDECLARED_SELECTOR = YES;
				GCC_WARN_UNINITIALIZED_AUTOS = YES_AGGRESSIVE;
				GCC_WARN_UNUSED_FUNCTION = YES;
				GCC_WARN_UNUSED_VARIABLE = YES;
				IPHONEOS_DEPLOYMENT_TARGET = 16.1;
				MTL_ENABLE_DEBUG_INFO = NO;
				MTL_FAST_MATH = YES;
				SDKROOT = iphoneos;
				SWIFT_COMPILATION_MODE = wholemodule;
				SWIFT_OPTIMIZATION_LEVEL = "-O";
				VALIDATE_PRODUCT = YES;
			};
			name = Release;
		};
		90B3C6A22A497D490037D88B /* Debug */ = {
			isa = XCBuildConfiguration;
			buildSettings = {
				ASSETCATALOG_COMPILER_APPICON_NAME = AppIcon;
				ASSETCATALOG_COMPILER_GLOBAL_ACCENT_COLOR_NAME = AccentColor;
				CODE_SIGN_STYLE = Automatic;
				CURRENT_PROJECT_VERSION = 1;
				DEVELOPMENT_ASSET_PATHS = "\"MovieAPP/Preview Content\"";
				DEVELOPMENT_TEAM = 4883634A4Y;
				ENABLE_PREVIEWS = YES;
				GENERATE_INFOPLIST_FILE = YES;
				INFOPLIST_FILE = MovieAPP/Info.plist;
				INFOPLIST_KEY_UIApplicationSceneManifest_Generation = YES;
				INFOPLIST_KEY_UIApplicationSupportsIndirectInputEvents = YES;
				INFOPLIST_KEY_UILaunchScreen_Generation = YES;
				INFOPLIST_KEY_UISupportedInterfaceOrientations_iPad = "UIInterfaceOrientationPortrait UIInterfaceOrientationPortraitUpsideDown UIInterfaceOrientationLandscapeLeft UIInterfaceOrientationLandscapeRight";
				INFOPLIST_KEY_UISupportedInterfaceOrientations_iPhone = "UIInterfaceOrientationPortrait UIInterfaceOrientationLandscapeLeft UIInterfaceOrientationLandscapeRight";
				LD_RUNPATH_SEARCH_PATHS = (
					"$(inherited)",
					"@executable_path/Frameworks",
				);
				MARKETING_VERSION = 1.0;
				PRODUCT_BUNDLE_IDENTIFIER = com.keke.MovieAPP;
				PRODUCT_NAME = "$(TARGET_NAME)";
				SWIFT_EMIT_LOC_STRINGS = YES;
				SWIFT_VERSION = 5.0;
				TARGETED_DEVICE_FAMILY = "1,2";
			};
			name = Debug;
		};
		90B3C6A32A497D490037D88B /* Release */ = {
			isa = XCBuildConfiguration;
			buildSettings = {
				ASSETCATALOG_COMPILER_APPICON_NAME = AppIcon;
				ASSETCATALOG_COMPILER_GLOBAL_ACCENT_COLOR_NAME = AccentColor;
				CODE_SIGN_STYLE = Automatic;
				CURRENT_PROJECT_VERSION = 1;
				DEVELOPMENT_ASSET_PATHS = "\"MovieAPP/Preview Content\"";
				DEVELOPMENT_TEAM = 4883634A4Y;
				ENABLE_PREVIEWS = YES;
				GENERATE_INFOPLIST_FILE = YES;
				INFOPLIST_FILE = MovieAPP/Info.plist;
				INFOPLIST_KEY_UIApplicationSceneManifest_Generation = YES;
				INFOPLIST_KEY_UIApplicationSupportsIndirectInputEvents = YES;
				INFOPLIST_KEY_UILaunchScreen_Generation = YES;
				INFOPLIST_KEY_UISupportedInterfaceOrientations_iPad = "UIInterfaceOrientationPortrait UIInterfaceOrientationPortraitUpsideDown UIInterfaceOrientationLandscapeLeft UIInterfaceOrientationLandscapeRight";
				INFOPLIST_KEY_UISupportedInterfaceOrientations_iPhone = "UIInterfaceOrientationPortrait UIInterfaceOrientationLandscapeLeft UIInterfaceOrientationLandscapeRight";
				LD_RUNPATH_SEARCH_PATHS = (
					"$(inherited)",
					"@executable_path/Frameworks",
				);
				MARKETING_VERSION = 1.0;
				PRODUCT_BUNDLE_IDENTIFIER = com.keke.MovieAPP;
				PRODUCT_NAME = "$(TARGET_NAME)";
				SWIFT_EMIT_LOC_STRINGS = YES;
				SWIFT_VERSION = 5.0;
				TARGETED_DEVICE_FAMILY = "1,2";
			};
			name = Release;
		};
/* End XCBuildConfiguration section */

/* Begin XCConfigurationList section */
		90B3C68E2A497D460037D88B /* Build configuration list for PBXProject "MovieAPP" */ = {
			isa = XCConfigurationList;
			buildConfigurations = (
				90B3C69F2A497D490037D88B /* Debug */,
				90B3C6A02A497D490037D88B /* Release */,
			);
			defaultConfigurationIsVisible = 0;
			defaultConfigurationName = Release;
		};
		90B3C6A12A497D490037D88B /* Build configuration list for PBXNativeTarget "MovieAPP" */ = {
			isa = XCConfigurationList;
			buildConfigurations = (
				90B3C6A22A497D490037D88B /* Debug */,
				90B3C6A32A497D490037D88B /* Release */,
			);
			defaultConfigurationIsVisible = 0;
			defaultConfigurationName = Release;
		};
/* End XCConfigurationList section */
	};
	rootObject = 90B3C68B2A497D460037D88B /* Project object */;
}
